
Microsoft Visual Studio Solution File, Format Version 12.00
# Visual Studio 15
VisualStudioVersion = 15.0.27130.2003
MinimumVisualStudioVersion = 10.0.40219.1
Project("{FAE04EC0-301F-11D3-BF4B-00C04F79EFBC}") = "Calculator", "Calculator\Calculator.csproj", "{1AF2E3B9-7A27-480D-88AC-21B603D83B8A}"
EndProject
Project("{FAE04EC0-301F-11D3-BF4B-00C04F79EFBC}") = "Calculator.BL", "Calculator.BL\Calculator.BL.csproj", "{BF17D833-A857-4847-9673-D4881840C761}"
EndProject
Project("{FAE04EC0-301F-11D3-BF4B-00C04F79EFBC}") = "Calculator.Tests", "Calculator.Tests\Calculator.Tests.csproj", "{6E476340-6174-4410-AC55-5EA30AA8180B}"
EndProject
Global
	GlobalSection(SolutionConfigurationPlatforms) = preSolution
		Debug|Any CPU = Debug|Any CPU
		Release|Any CPU = Release|Any CPU
	EndGlobalSection
	GlobalSection(ProjectConfigurationPlatforms) = postSolution
		{1AF2E3B9-7A27-480D-88AC-21B603D83B8A}.Debug|Any CPU.ActiveCfg = Debug|Any CPU
		{1AF2E3B9-7A27-480D-88AC-21B603D83B8A}.Debug|Any CPU.Build.0 = Debug|Any CPU
		{1AF2E3B9-7A27-480D-88AC-21B603D83B8A}.Release|Any CPU.ActiveCfg = Release|Any CPU
		{1AF2E3B9-7A27-480D-88AC-21B603D83B8A}.Release|Any CPU.Build.0 = Release|Any CPU
		{BF17D833-A857-4847-9673-D4881840C761}.Debug|Any CPU.ActiveCfg = Debug|Any CPU
		{BF17D833-A857-4847-9673-D4881840C761}.Debug|Any CPU.Build.0 = Debug|Any CPU
		{BF17D833-A857-4847-9673-D4881840C761}.Release|Any CPU.ActiveCfg = Release|Any CPU
		{BF17D833-A857-4847-9673-D4881840C761}.Release|Any CPU.Build.0 = Release|Any CPU
		{6E476340-6174-4410-AC55-5EA30AA8180B}.Debug|Any CPU.ActiveCfg = Debug|Any CPU
		{6E476340-6174-4410-AC55-5EA30AA8180B}.Debug|Any CPU.Build.0 = Debug|Any CPU
		{6E476340-6174-4410-AC55-5EA30AA8180B}.Release|Any CPU.ActiveCfg = Release|Any CPU
		{6E476340-6174-4410-AC55-5EA30AA8180B}.Release|Any CPU.Build.0 = Release|Any CPU
	EndGlobalSection
	GlobalSection(SolutionProperties) = preSolution
		HideSolutionNode = FALSE
	EndGlobalSection
	GlobalSection(ExtensibilityGlobals) = postSolution
		SolutionGuid = {E8A90492-D8A3-4D8B-8C8E-1DD5C2484C92}
	EndGlobalSection
EndGlobal
